
Microsoft Visual Studio Solution File, Format Version 12.00
# Visual Studio Version 16
VisualStudioVersion = 16.0.30804.86
MinimumVisualStudioVersion = 10.0.40219.1
Project("{FAE04EC0-301F-11D3-BF4B-00C04F79EFBC}") = "Mausbach_Project3", "Mausbach_Project3\Mausbach_Project3.csproj", "{B04FDFC7-A0D0-41F2-89E5-8C07FBAD01F0}"
EndProject
Global
	GlobalSection(SolutionConfigurationPlatforms) = preSolution
		Debug|Any CPU = Debug|Any CPU
		Release|Any CPU = Release|Any CPU
	EndGlobalSection
	GlobalSection(ProjectConfigurationPlatforms) = postSolution
		{B04FDFC7-A0D0-41F2-89E5-8C07FBAD01F0}.Debug|Any CPU.ActiveCfg = Debug|Any CPU
		{B04FDFC7-A0D0-41F2-89E5-8C07FBAD01F0}.Debug|Any CPU.Build.0 = Debug|Any CPU
		{B04FDFC7-A0D0-41F2-89E5-8C07FBAD01F0}.Release|Any CPU.ActiveCfg = Release|Any CPU
		{B04FDFC7-A0D0-41F2-89E5-8C07FBAD01F0}.Release|Any CPU.Build.0 = Release|Any CPU
	EndGlobalSection
	GlobalSection(SolutionProperties) = preSolution
		HideSolutionNode = FALSE
	EndGlobalSection
	GlobalSection(ExtensibilityGlobals) = postSolution
		SolutionGuid = {04051EFE-C74E-44A5-9486-5CA495E3F4FA}
	EndGlobalSection
EndGlobal
